
Microsoft Visual Studio Solution File, Format Version 11.00
# Visual Studio 2010
Project("{FAE04EC0-301F-11D3-BF4B-00C04F79EFBC}") = "audio_visualizer", "Assembly-CSharp.csproj", "{C306E61C-039F-9134-2F92-9F813AADFC74}"
EndProject
Project("{FAE04EC0-301F-11D3-BF4B-00C04F79EFBC}") = "audio_visualizer", "Assembly-CSharp-Editor.csproj", "{3ADF927A-B8C6-BD30-4BA0-9D93C4509B5A}"
EndProject
Global
	GlobalSection(SolutionConfigurationPlatforms) = preSolution
		Debug|Any CPU = Debug|Any CPU
		Release|Any CPU = Release|Any CPU
	EndGlobalSection
	GlobalSection(ProjectConfigurationPlatforms) = postSolution
		{C306E61C-039F-9134-2F92-9F813AADFC74}.Debug|Any CPU.ActiveCfg = Debug|Any CPU
		{C306E61C-039F-9134-2F92-9F813AADFC74}.Debug|Any CPU.Build.0 = Debug|Any CPU
		{C306E61C-039F-9134-2F92-9F813AADFC74}.Release|Any CPU.ActiveCfg = Release|Any CPU
		{C306E61C-039F-9134-2F92-9F813AADFC74}.Release|Any CPU.Build.0 = Release|Any CPU
		{3ADF927A-B8C6-BD30-4BA0-9D93C4509B5A}.Debug|Any CPU.ActiveCfg = Debug|Any CPU
		{3ADF927A-B8C6-BD30-4BA0-9D93C4509B5A}.Debug|Any CPU.Build.0 = Debug|Any CPU
		{3ADF927A-B8C6-BD30-4BA0-9D93C4509B5A}.Release|Any CPU.ActiveCfg = Release|Any CPU
		{3ADF927A-B8C6-BD30-4BA0-9D93C4509B5A}.Release|Any CPU.Build.0 = Release|Any CPU
	EndGlobalSection
	GlobalSection(SolutionProperties) = preSolution
		HideSolutionNode = FALSE
	EndGlobalSection
	GlobalSection(MonoDevelopProperties) = preSolution
		StartupItem = Assembly-CSharp.csproj
	EndGlobalSection
EndGlobal
